
Microsoft Visual Studio Solution File, Format Version 12.00
# Visual Studio 14
VisualStudioVersion = 14.0.24720.0
MinimumVisualStudioVersion = 10.0.40219.1
Project("{FAE04EC0-301F-11D3-BF4B-00C04F79EFBC}") = "TicTacToeCSharp", "TicTacToeCSharp\TicTacToeCSharp.csproj", "{F9B03F99-FA0D-4316-AC91-C81F97217C33}"
EndProject
Global
	GlobalSection(SolutionConfigurationPlatforms) = preSolution
		Debug|Any CPU = Debug|Any CPU
		Release|Any CPU = Release|Any CPU
	EndGlobalSection
	GlobalSection(ProjectConfigurationPlatforms) = postSolution
		{F9B03F99-FA0D-4316-AC91-C81F97217C33}.Debug|Any CPU.ActiveCfg = Debug|Any CPU
		{F9B03F99-FA0D-4316-AC91-C81F97217C33}.Debug|Any CPU.Build.0 = Debug|Any CPU
		{F9B03F99-FA0D-4316-AC91-C81F97217C33}.Release|Any CPU.ActiveCfg = Release|Any CPU
		{F9B03F99-FA0D-4316-AC91-C81F97217C33}.Release|Any CPU.Build.0 = Release|Any CPU
	EndGlobalSection
	GlobalSection(SolutionProperties) = preSolution
		HideSolutionNode = FALSE
	EndGlobalSection
EndGlobal
